{
  "nodes": {
    "nixpkgs": {
      "locked": {
        "lastModified": 1782872117,
        "narHash": "sha256-1OTpVD4z4KsG+WPH8O2BshANoWyCaaUCYf3ZMhslsHI=",
        "owner": "nixos",
        "repo": "nixpkgs",
        "rev": "536c906eb9a9a2a38e7a454f4a4ff254b1e6f493",
        "type": "github"
      },
      "original": {
        "owner": "nixos",
        "repo": "nixpkgs",
        "type": "github"
      }
    },
    "root": {
      "inputs": {
        "nixpkgs": "nixpkgs"
      }
    }
  },
  "root": "root",
  "version": 7
}
