{
  "nodes": {
    "nixpkgs": {
      "locked": {
        "lastModified": 1775008022,
        "narHash": "sha256-+7fZSnyuflpCCqzEO8O5jXj3jON8IH666KSI6H513so=",
        "owner": "nixos",
        "repo": "nixpkgs",
        "rev": "1b4784298809210d460580640d8cd022cb5760f1",
        "type": "github"
      },
      "original": {
        "owner": "nixos",
        "repo": "nixpkgs",
        "type": "github"
      }
    },
    "root": {
      "inputs": {
        "nixpkgs": "nixpkgs"
      }
    }
  },
  "root": "root",
  "version": 7
}
