{
  "nodes": {
    "nixpkgs": {
      "locked": {
        "lastModified": 1764551495,
        "narHash": "sha256-bgVXj7uXkl5ecjb/EbN7b3YLbWAT7NDxfdQDX4cOGso=",
        "owner": "nixos",
        "repo": "nixpkgs",
        "rev": "10b2374fe32d931515f2b08868d3076142a1b4b7",
        "type": "github"
      },
      "original": {
        "owner": "nixos",
        "repo": "nixpkgs",
        "type": "github"
      }
    },
    "root": {
      "inputs": {
        "nixpkgs": "nixpkgs"
      }
    }
  },
  "root": "root",
  "version": 7
}
